<?xml version="1.0" encoding="utf-8"?>
<Project ToolsVersion="4.0" xmlns="http://schemas.microsoft.com/developer/msbuild/2003">
  <ItemGroup>
    <Filter Include="Source Files">
      <UniqueIdentifier>{807a78d4-d039-48a1-9311-36e32a84d68a}</UniqueIdentifier>
      <Extensions>cpp;c;cxx;rc;def;r;odl;idl;hpj;bat</Extensions>
    </Filter>
    <Filter Include="Header Files">
      <UniqueIdentifier>{9ea31599-68e1-42d7-9d76-82f9063acf98}</UniqueIdentifier>
      <Extensions>h;hpp;hxx;hm;inl</Extensions>
    </Filter>
    <Filter Include="Resource Files">
      <UniqueIdentifier>{59992e4f-0751-4598-b5f5-ed544f5125f3}</UniqueIdentifier>
      <Extensions>ico;cur;bmp;dlg;rc2;rct;bin;cnt;rtf;gif;jpg;jpeg;jpe</Extensions>
    </Filter>
  </ItemGroup>
  <ItemGroup>
    <ClCompile Include="areaseries.cpp">
      <Filter>Source Files</Filter>
    </ClCompile>
    <ClCompile Include="arrowseries.cpp">
      <Filter>Source Files</Filter>
    </ClCompile>
    <ClCompile Include="aspect.cpp">
      <Filter>Source Files</Filter>
    </ClCompile>
    <ClCompile Include="axes.cpp">
      <Filter>Source Files</Filter>
    </ClCompile>
    <ClCompile Include="axis.cpp">
      <Filter>Source Files</Filter>
    </ClCompile>
    <ClCompile Include="axislabels.cpp">
      <Filter>Source Files</Filter>
    </ClCompile>
    <ClCompile Include="axistitle.cpp">
      <Filter>Source Files</Filter>
    </ClCompile>
    <ClCompile Include="barseries.cpp">
      <Filter>Source Files</Filter>
    </ClCompile>
    <ClCompile Include="brush.cpp">
      <Filter>Source Files</Filter>
    </ClCompile>
    <ClCompile Include="bubbleseries.cpp">
      <Filter>Source Files</Filter>
    </ClCompile>
    <ClCompile Include="candleseries.cpp">
      <Filter>Source Files</Filter>
    </ClCompile>
    <ClCompile Include="canvas.cpp">
      <Filter>Source Files</Filter>
    </ClCompile>
    <ClCompile Include="cdxCSizingDialog.cpp">
      <Filter>Source Files</Filter>
    </ClCompile>
    <ClCompile Include="CError.cpp">
      <Filter>Source Files</Filter>
    </ClCompile>
    <ClCompile Include="chartfont.cpp">
      <Filter>Source Files</Filter>
    </ClCompile>
    <ClCompile Include="CTIUtils.cpp">
      <Filter>Source Files</Filter>
    </ClCompile>
    <ClCompile Include="curvefittingfunction.cpp">
      <Filter>Source Files</Filter>
    </ClCompile>
    <ClCompile Include="customseries.cpp">
      <Filter>Source Files</Filter>
    </ClCompile>
    <ClCompile Include="errorbarseries.cpp">
      <Filter>Source Files</Filter>
    </ClCompile>
    <ClCompile Include="expavgfunction.cpp">
      <Filter>Source Files</Filter>
    </ClCompile>
    <ClCompile Include="export.cpp">
      <Filter>Source Files</Filter>
    </ClCompile>
    <ClCompile Include="fastlineseries.cpp">
      <Filter>Source Files</Filter>
    </ClCompile>
    <ClCompile Include="ganttseries.cpp">
      <Filter>Source Files</Filter>
    </ClCompile>
    <ClCompile Include="gradient.cpp">
      <Filter>Source Files</Filter>
    </ClCompile>
    <ClCompile Include="horizbarseries.cpp">
      <Filter>Source Files</Filter>
    </ClCompile>
    <ClCompile Include="import.cpp">
      <Filter>Source Files</Filter>
    </ClCompile>
    <ClCompile Include="legend.cpp">
      <Filter>Source Files</Filter>
    </ClCompile>
    <ClCompile Include="ListCtrl.cpp">
      <Filter>Source Files</Filter>
    </ClCompile>
    <ClCompile Include="marks.cpp">
      <Filter>Source Files</Filter>
    </ClCompile>
    <ClCompile Include="movingavgfunction.cpp">
      <Filter>Source Files</Filter>
    </ClCompile>
    <ClCompile Include="page.cpp">
      <Filter>Source Files</Filter>
    </ClCompile>
    <ClCompile Include="panel.cpp">
      <Filter>Source Files</Filter>
    </ClCompile>
    <ClCompile Include="pen.cpp">
      <Filter>Source Files</Filter>
    </ClCompile>
    <ClCompile Include="pieseries.cpp">
      <Filter>Source Files</Filter>
    </ClCompile>
    <ClCompile Include="pointer.cpp">
      <Filter>Source Files</Filter>
    </ClCompile>
    <ClCompile Include="pointseries.cpp">
      <Filter>Source Files</Filter>
    </ClCompile>
    <ClCompile Include="polarseries.cpp">
      <Filter>Source Files</Filter>
    </ClCompile>
    <ClCompile Include="printer.cpp">
      <Filter>Source Files</Filter>
    </ClCompile>
    <ClCompile Include="PrintFrame.cpp">
      <Filter>Source Files</Filter>
    </ClCompile>
    <ClCompile Include="PrintList.cpp">
      <Filter>Source Files</Filter>
    </ClCompile>
    <ClCompile Include="PrintPerfReport.cpp">
      <Filter>Source Files</Filter>
    </ClCompile>
    <ClCompile Include="PrintView.cpp">
      <Filter>Source Files</Filter>
    </ClCompile>
    <ClCompile Include="scroll.cpp">
      <Filter>Source Files</Filter>
    </ClCompile>
    <ClCompile Include="series.cpp">
      <Filter>Source Files</Filter>
    </ClCompile>
    <ClCompile Include="shapeseries.cpp">
      <Filter>Source Files</Filter>
    </ClCompile>
    <ClCompile Include="Splash.cpp">
      <Filter>Source Files</Filter>
    </ClCompile>
    <ClCompile Include="StaticHyperLink.cpp">
      <Filter>Source Files</Filter>
    </ClCompile>
    <ClCompile Include="StdAfx.cpp">
      <Filter>Source Files</Filter>
    </ClCompile>
    <ClCompile Include="strings.cpp">
      <Filter>Source Files</Filter>
    </ClCompile>
    <ClCompile Include="surfaceseries.cpp">
      <Filter>Source Files</Filter>
    </ClCompile>
    <ClCompile Include="tchart.cpp">
      <Filter>Source Files</Filter>
    </ClCompile>
    <ClCompile Include="teefunction.cpp">
      <Filter>Source Files</Filter>
    </ClCompile>
    <ClCompile Include="titles.cpp">
      <Filter>Source Files</Filter>
    </ClCompile>
    <ClCompile Include="TMultiEdit.cpp">
      <Filter>Source Files</Filter>
    </ClCompile>
    <ClCompile Include="TNewDemandCurveDataDlg.cpp">
      <Filter>Source Files</Filter>
    </ClCompile>
    <ClCompile Include="TNewFlowRateDlg.cpp">
      <Filter>Source Files</Filter>
    </ClCompile>
    <ClCompile Include="TNewPerformanceDataFileDlg.cpp">
      <Filter>Source Files</Filter>
    </ClCompile>
    <ClCompile Include="TNewTestDlg.cpp">
      <Filter>Source Files</Filter>
    </ClCompile>
    <ClCompile Include="ToolkitDoc.cpp">
      <Filter>Source Files</Filter>
    </ClCompile>
    <ClCompile Include="TPerformanceCurveDlg.cpp">
      <Filter>Source Files</Filter>
    </ClCompile>
    <ClCompile Include="TPerformanceDataDlg.cpp">
      <Filter>Source Files</Filter>
    </ClCompile>
    <ClCompile Include="TPrint.cpp">
      <Filter>Source Files</Filter>
    </ClCompile>
    <ClCompile Include="TPrintPerfReportDlg.cpp">
      <Filter>Source Files</Filter>
    </ClCompile>
    <ClCompile Include="TPropPageBase.cpp">
      <Filter>Source Files</Filter>
    </ClCompile>
    <ClCompile Include="TPropPageFour.cpp">
      <Filter>Source Files</Filter>
    </ClCompile>
    <ClCompile Include="TPropPageOne.cpp">
      <Filter>Source Files</Filter>
    </ClCompile>
    <ClCompile Include="TPropPageThree.cpp">
      <Filter>Source Files</Filter>
    </ClCompile>
    <ClCompile Include="TPropPageTwo.cpp">
      <Filter>Source Files</Filter>
    </ClCompile>
    <ClCompile Include="TPropPageZero.cpp">
      <Filter>Source Files</Filter>
    </ClCompile>
    <ClCompile Include="TTowerPerformanceFile.cpp">
      <Filter>Source Files</Filter>
    </ClCompile>
    <ClCompile Include="valuelist.cpp">
      <Filter>Source Files</Filter>
    </ClCompile>
    <ClCompile Include="volumeseries.cpp">
      <Filter>Source Files</Filter>
    </ClCompile>
    <ClCompile Include="wall.cpp">
      <Filter>Source Files</Filter>
    </ClCompile>
    <ClCompile Include="walls.cpp">
      <Filter>Source Files</Filter>
    </ClCompile>
    <ClCompile Include="zoom.cpp">
      <Filter>Source Files</Filter>
    </ClCompile>
    <ClCompile Include="CTIToolkit.cpp">
      <Filter>Source Files</Filter>
    </ClCompile>
  </ItemGroup>
  <ItemGroup>
    <ResourceCompile Include="CTIDemo.rc">
      <Filter>Source Files</Filter>
    </ResourceCompile>
  </ItemGroup>
  <ItemGroup>
    <ClInclude Include="cdxCSizingDialog.h">
      <Filter>Header Files</Filter>
    </ClInclude>
    <ClInclude Include="CTIUtils.h">
      <Filter>Header Files</Filter>
    </ClInclude>
    <ClInclude Include="ListCtrl.h">
      <Filter>Header Files</Filter>
    </ClInclude>
    <ClInclude Include="PrintFrame.h">
      <Filter>Header Files</Filter>
    </ClInclude>
    <ClInclude Include="PrintList.h">
      <Filter>Header Files</Filter>
    </ClInclude>
    <ClInclude Include="PrintPerfReport.h">
      <Filter>Header Files</Filter>
    </ClInclude>
    <ClInclude Include="PrintView.h">
      <Filter>Header Files</Filter>
    </ClInclude>
    <ClInclude Include="Resource.h">
      <Filter>Header Files</Filter>
    </ClInclude>
    <ClInclude Include="Splash.h">
      <Filter>Header Files</Filter>
    </ClInclude>
    <ClInclude Include="StaticHyperLink.h">
      <Filter>Header Files</Filter>
    </ClInclude>
    <ClInclude Include="StdAfx.h">
      <Filter>Header Files</Filter>
    </ClInclude>
    <ClInclude Include="TMultiEdit.h">
      <Filter>Header Files</Filter>
    </ClInclude>
    <ClInclude Include="TNewDemandCurveDataDlg.h">
      <Filter>Header Files</Filter>
    </ClInclude>
    <ClInclude Include="TNewFlowRateDlg.h">
      <Filter>Header Files</Filter>
    </ClInclude>
    <ClInclude Include="TNewPerformanceDataFileDlg.h">
      <Filter>Header Files</Filter>
    </ClInclude>
    <ClInclude Include="TNewTestDlg.h">
      <Filter>Header Files</Filter>
    </ClInclude>
    <ClInclude Include="ToolkitDoc.h">
      <Filter>Header Files</Filter>
    </ClInclude>
    <ClInclude Include="TPerformanceCurveDlg.h">
      <Filter>Header Files</Filter>
    </ClInclude>
    <ClInclude Include="TPerformanceDataDlg.h">
      <Filter>Header Files</Filter>
    </ClInclude>
    <ClInclude Include="TPrint.h">
      <Filter>Header Files</Filter>
    </ClInclude>
    <ClInclude Include="TPrintPerfReportDlg.h">
      <Filter>Header Files</Filter>
    </ClInclude>
    <ClInclude Include="TPropPageBase.h">
      <Filter>Header Files</Filter>
    </ClInclude>
    <ClInclude Include="TPropPageFour.h">
      <Filter>Header Files</Filter>
    </ClInclude>
    <ClInclude Include="TPropPageOne.h">
      <Filter>Header Files</Filter>
    </ClInclude>
    <ClInclude Include="TPropPageThree.h">
      <Filter>Header Files</Filter>
    </ClInclude>
    <ClInclude Include="TPropPageTwo.h">
      <Filter>Header Files</Filter>
    </ClInclude>
    <ClInclude Include="TPropPageZero.h">
      <Filter>Header Files</Filter>
    </ClInclude>
    <ClInclude Include="TTowerPerformanceFile.h">
      <Filter>Header Files</Filter>
    </ClInclude>
    <ClInclude Include="CTIToolkit.h">
      <Filter>Header Files</Filter>
    </ClInclude>
  </ItemGroup>
  <ItemGroup>
    <Image Include="Res\256logo.bmp">
      <Filter>Resource Files</Filter>
    </Image>
    <Image Include="Res\Bwlogo.bmp">
      <Filter>Resource Files</Filter>
    </Image>
    <Image Include="res\colorlogo.bmp">
      <Filter>Resource Files</Filter>
    </Image>
    <Image Include="Res\graph.bmp">
      <Filter>Resource Files</Filter>
    </Image>
    <Image Include="res\install.ico">
      <Filter>Resource Files</Filter>
    </Image>
    <Image Include="res\splash.bmp">
      <Filter>Resource Files</Filter>
    </Image>
    <Image Include="res\Toolbar.bmp">
      <Filter>Resource Files</Filter>
    </Image>
    <Image Include="res\CTIDemo.ico">
      <Filter>Resource Files</Filter>
    </Image>
    <Image Include="res\CTIDemoDoc.ico">
      <Filter>Resource Files</Filter>
    </Image>
  </ItemGroup>
  <ItemGroup>
    <None Include="res\cursor1.cur">
      <Filter>Resource Files</Filter>
    </None>
    <None Include="res\Hand.cur">
      <Filter>Resource Files</Filter>
    </None>
    <None Include="res\CTIDemo.rc2">
      <Filter>Resource Files</Filter>
    </None>
  </ItemGroup>
</Project>